
Microsoft Visual Studio Solution File, Format Version 12.00
# Visual Studio Express 2012 for Windows Desktop
Project("{FAE04EC0-301F-11D3-BF4B-00C04F79EFBC}") = "MU_Puzzle_WinForm", "MU_Puzzle_WinForm.csproj", "{AFCA48F8-CB83-4545-8726-272A47A30EE7}"
EndProject
Global
	GlobalSection(SolutionConfigurationPlatforms) = preSolution
		Debug|Any CPU = Debug|Any CPU
		Release|Any CPU = Release|Any CPU
	EndGlobalSection
	GlobalSection(ProjectConfigurationPlatforms) = postSolution
		{AFCA48F8-CB83-4545-8726-272A47A30EE7}.Debug|Any CPU.ActiveCfg = Debug|Any CPU
		{AFCA48F8-CB83-4545-8726-272A47A30EE7}.Debug|Any CPU.Build.0 = Debug|Any CPU
		{AFCA48F8-CB83-4545-8726-272A47A30EE7}.Release|Any CPU.ActiveCfg = Release|Any CPU
		{AFCA48F8-CB83-4545-8726-272A47A30EE7}.Release|Any CPU.Build.0 = Release|Any CPU
	EndGlobalSection
	GlobalSection(SolutionProperties) = preSolution
		HideSolutionNode = FALSE
	EndGlobalSection
EndGlobal
